// !$*UTF8*$!
{
	archiveVersion = 1;
	classes = {
	};
	objectVersion = 55;
	objects = {

/* Begin PBXBuildFile section */
		476855F52795CE1C00C7EA21 /* choiceController.swift in Sources */ = {isa = PBXBuildFile; fileRef = 476855F42795CE1C00C7EA21 /* choiceController.swift */; };
		476855F72795D3D600C7EA21 /* addController.swift in Sources */ = {isa = PBXBuildFile; fileRef = 476855F62795D3D600C7EA21 /* addController.swift */; };
		476855F92795D3EA00C7EA21 /* findController.swift in Sources */ = {isa = PBXBuildFile; fileRef = 476855F82795D3EA00C7EA21 /* findController.swift */; };
		476855FB2795D40E00C7EA21 /* reportController.swift in Sources */ = {isa = PBXBuildFile; fileRef = 476855FA2795D40E00C7EA21 /* reportController.swift */; };
		476855FE2795E05A00C7EA21 /* FindTableViewCell.swift in Sources */ = {isa = PBXBuildFile; fileRef = 476855FC2795E05A00C7EA21 /* FindTableViewCell.swift */; };
		476855FF2795E05A00C7EA21 /* FindTableViewCell.xib in Resources */ = {isa = PBXBuildFile; fileRef = 476855FD2795E05A00C7EA21 /* FindTableViewCell.xib */; };
		476856012795F1F600C7EA21 /* formController.swift in Sources */ = {isa = PBXBuildFile; fileRef = 476856002795F1F600C7EA21 /* formController.swift */; };
		476856032796ABD700C7EA21 /* techObjController.swift in Sources */ = {isa = PBXBuildFile; fileRef = 476856022796ABD700C7EA21 /* techObjController.swift */; };
		476856052796B2B300C7EA21 /* techItemController.swift in Sources */ = {isa = PBXBuildFile; fileRef = 476856042796B2B300C7EA21 /* techItemController.swift */; };
		4768560727978B3000C7EA21 /* verifyController.swift in Sources */ = {isa = PBXBuildFile; fileRef = 4768560627978B3000C7EA21 /* verifyController.swift */; };
		4768560927979F3800C7EA21 /* infoView.swift in Sources */ = {isa = PBXBuildFile; fileRef = 4768560827979F3800C7EA21 /* infoView.swift */; };
		4768560C27981B3100C7EA21 /* ReportTableViewCell.swift in Sources */ = {isa = PBXBuildFile; fileRef = 4768560A27981B3100C7EA21 /* ReportTableViewCell.swift */; };
		4768560D27981B3100C7EA21 /* ReportTableViewCell.xib in Resources */ = {isa = PBXBuildFile; fileRef = 4768560B27981B3100C7EA21 /* ReportTableViewCell.xib */; };
		4768560F2798224900C7EA21 /* ReportItemController.swift in Sources */ = {isa = PBXBuildFile; fileRef = 4768560E2798224900C7EA21 /* ReportItemController.swift */; };
		47C6B5EF2795B9DD007EBA43 /* AppDelegate.swift in Sources */ = {isa = PBXBuildFile; fileRef = 47C6B5EE2795B9DD007EBA43 /* AppDelegate.swift */; };
		47C6B5F12795B9DD007EBA43 /* SceneDelegate.swift in Sources */ = {isa = PBXBuildFile; fileRef = 47C6B5F02795B9DD007EBA43 /* SceneDelegate.swift */; };
		47C6B5F32795B9DD007EBA43 /* ViewController.swift in Sources */ = {isa = PBXBuildFile; fileRef = 47C6B5F22795B9DD007EBA43 /* ViewController.swift */; };
		47C6B5F62795B9DD007EBA43 /* Main.storyboard in Resources */ = {isa = PBXBuildFile; fileRef = 47C6B5F42795B9DD007EBA43 /* Main.storyboard */; };
		47C6B5F82795B9E4007EBA43 /* Assets.xcassets in Resources */ = {isa = PBXBuildFile; fileRef = 47C6B5F72795B9E4007EBA43 /* Assets.xcassets */; };
		47C6B5FB2795B9E4007EBA43 /* LaunchScreen.storyboard in Resources */ = {isa = PBXBuildFile; fileRef = 47C6B5F92795B9E4007EBA43 /* LaunchScreen.storyboard */; };
		47C6B6062795B9E5007EBA43 /* ProjectUIKitTests.swift in Sources */ = {isa = PBXBuildFile; fileRef = 47C6B6052795B9E5007EBA43 /* ProjectUIKitTests.swift */; };
		47C6B6102795B9E5007EBA43 /* ProjectUIKitUITests.swift in Sources */ = {isa = PBXBuildFile; fileRef = 47C6B60F2795B9E5007EBA43 /* ProjectUIKitUITests.swift */; };
		47C6B6122795B9E5007EBA43 /* ProjectUIKitUITestsLaunchTests.swift in Sources */ = {isa = PBXBuildFile; fileRef = 47C6B6112795B9E5007EBA43 /* ProjectUIKitUITestsLaunchTests.swift */; };
		5FC4ABB02798B3C500A31E06 /* notifyController.swift in Sources */ = {isa = PBXBuildFile; fileRef = 5FC4ABAF2798B3C500A31E06 /* notifyController.swift */; };
		5FC4ABB22798B74900A31E06 /* notifyViewtable.swift in Sources */ = {isa = PBXBuildFile; fileRef = 5FC4ABB12798B74900A31E06 /* notifyViewtable.swift */; };
/* End PBXBuildFile section */

/* Begin PBXContainerItemProxy section */
		47C6B6022795B9E5007EBA43 /* PBXContainerItemProxy */ = {
			isa = PBXContainerItemProxy;
			containerPortal = 47C6B5E32795B9DD007EBA43 /* Project object */;
			proxyType = 1;
			remoteGlobalIDString = 47C6B5EA2795B9DD007EBA43;
			remoteInfo = ProjectUIKit;
		};
		47C6B60C2795B9E5007EBA43 /* PBXContainerItemProxy */ = {
			isa = PBXContainerItemProxy;
			containerPortal = 47C6B5E32795B9DD007EBA43 /* Project object */;
			proxyType = 1;
			remoteGlobalIDString = 47C6B5EA2795B9DD007EBA43;
			remoteInfo = ProjectUIKit;
		};
/* End PBXContainerItemProxy section */

/* Begin PBXFileReference section */
		476855F42795CE1C00C7EA21 /* choiceController.swift */ = {isa = PBXFileReference; lastKnownFileType = sourcecode.swift; path = choiceController.swift; sourceTree = "<group>"; };
		476855F62795D3D600C7EA21 /* addController.swift */ = {isa = PBXFileReference; lastKnownFileType = sourcecode.swift; path = addController.swift; sourceTree = "<group>"; };
		476855F82795D3EA00C7EA21 /* findController.swift */ = {isa = PBXFileReference; lastKnownFileType = sourcecode.swift; path = findController.swift; sourceTree = "<group>"; };
		476855FA2795D40E00C7EA21 /* reportController.swift */ = {isa = PBXFileReference; lastKnownFileType = sourcecode.swift; path = reportController.swift; sourceTree = "<group>"; };
		476855FC2795E05A00C7EA21 /* FindTableViewCell.swift */ = {isa = PBXFileReference; lastKnownFileType = sourcecode.swift; path = FindTableViewCell.swift; sourceTree = "<group>"; };
		476855FD2795E05A00C7EA21 /* FindTableViewCell.xib */ = {isa = PBXFileReference; lastKnownFileType = file.xib; path = FindTableViewCell.xib; sourceTree = "<group>"; };
		476856002795F1F600C7EA21 /* formController.swift */ = {isa = PBXFileReference; lastKnownFileType = sourcecode.swift; path = formController.swift; sourceTree = "<group>"; };
		476856022796ABD700C7EA21 /* techObjController.swift */ = {isa = PBXFileReference; lastKnownFileType = sourcecode.swift; path = techObjController.swift; sourceTree = "<group>"; };
		476856042796B2B300C7EA21 /* techItemController.swift */ = {isa = PBXFileReference; lastKnownFileType = sourcecode.swift; path = techItemController.swift; sourceTree = "<group>"; };
		4768560627978B3000C7EA21 /* verifyController.swift */ = {isa = PBXFileReference; lastKnownFileType = sourcecode.swift; path = verifyController.swift; sourceTree = "<group>"; };
		4768560827979F3800C7EA21 /* infoView.swift */ = {isa = PBXFileReference; lastKnownFileType = sourcecode.swift; path = infoView.swift; sourceTree = "<group>"; };
		4768560A27981B3100C7EA21 /* ReportTableViewCell.swift */ = {isa = PBXFileReference; lastKnownFileType = sourcecode.swift; path = ReportTableViewCell.swift; sourceTree = "<group>"; };
		4768560B27981B3100C7EA21 /* ReportTableViewCell.xib */ = {isa = PBXFileReference; lastKnownFileType = file.xib; path = ReportTableViewCell.xib; sourceTree = "<group>"; };
		4768560E2798224900C7EA21 /* ReportItemController.swift */ = {isa = PBXFileReference; lastKnownFileType = sourcecode.swift; path = ReportItemController.swift; sourceTree = "<group>"; };
		47C6B5EB2795B9DD007EBA43 /* ProjectUIKit.app */ = {isa = PBXFileReference; explicitFileType = wrapper.application; includeInIndex = 0; path = ProjectUIKit.app; sourceTree = BUILT_PRODUCTS_DIR; };
		47C6B5EE2795B9DD007EBA43 /* AppDelegate.swift */ = {isa = PBXFileReference; lastKnownFileType = sourcecode.swift; path = AppDelegate.swift; sourceTree = "<group>"; };
		47C6B5F02795B9DD007EBA43 /* SceneDelegate.swift */ = {isa = PBXFileReference; lastKnownFileType = sourcecode.swift; path = SceneDelegate.swift; sourceTree = "<group>"; };
		47C6B5F22795B9DD007EBA43 /* ViewController.swift */ = {isa = PBXFileReference; lastKnownFileType = sourcecode.swift; path = ViewController.swift; sourceTree = "<group>"; };
		47C6B5F52795B9DD007EBA43 /* Base */ = {isa = PBXFileReference; lastKnownFileType = file.storyboard; name = Base; path = Base.lproj/Main.storyboard; sourceTree = "<group>"; };
		47C6B5F72795B9E4007EBA43 /* Assets.xcassets */ = {isa = PBXFileReference; lastKnownFileType = folder.assetcatalog; path = Assets.xcassets; sourceTree = "<group>"; };
		47C6B5FA2795B9E4007EBA43 /* Base */ = {isa = PBXFileReference; lastKnownFileType = file.storyboard; name = Base; path = Base.lproj/LaunchScreen.storyboard; sourceTree = "<group>"; };
		47C6B5FC2795B9E4007EBA43 /* Info.plist */ = {isa = PBXFileReference; lastKnownFileType = text.plist.xml; path = Info.plist; sourceTree = "<group>"; };
		47C6B6012795B9E5007EBA43 /* ProjectUIKitTests.xctest */ = {isa = PBXFileReference; explicitFileType = wrapper.cfbundle; includeInIndex = 0; path = ProjectUIKitTests.xctest; sourceTree = BUILT_PRODUCTS_DIR; };
		47C6B6052795B9E5007EBA43 /* ProjectUIKitTests.swift */ = {isa = PBXFileReference; lastKnownFileType = sourcecode.swift; path = ProjectUIKitTests.swift; sourceTree = "<group>"; };
		47C6B60B2795B9E5007EBA43 /* ProjectUIKitUITests.xctest */ = {isa = PBXFileReference; explicitFileType = wrapper.cfbundle; includeInIndex = 0; path = ProjectUIKitUITests.xctest; sourceTree = BUILT_PRODUCTS_DIR; };
		47C6B60F2795B9E5007EBA43 /* ProjectUIKitUITests.swift */ = {isa = PBXFileReference; lastKnownFileType = sourcecode.swift; path = ProjectUIKitUITests.swift; sourceTree = "<group>"; };
		47C6B6112795B9E5007EBA43 /* ProjectUIKitUITestsLaunchTests.swift */ = {isa = PBXFileReference; lastKnownFileType = sourcecode.swift; path = ProjectUIKitUITestsLaunchTests.swift; sourceTree = "<group>"; };
		5FC4ABAF2798B3C500A31E06 /* notifyController.swift */ = {isa = PBXFileReference; lastKnownFileType = sourcecode.swift; path = notifyController.swift; sourceTree = "<group>"; };
		5FC4ABB12798B74900A31E06 /* notifyViewtable.swift */ = {isa = PBXFileReference; lastKnownFileType = sourcecode.swift; path = notifyViewtable.swift; sourceTree = "<group>"; };
/* End PBXFileReference section */

/* Begin PBXFrameworksBuildPhase section */
		47C6B5E82795B9DD007EBA43 /* Frameworks */ = {
			isa = PBXFrameworksBuildPhase;
			buildActionMask = 2147483647;
			files = (
			);
			runOnlyForDeploymentPostprocessing = 0;
		};
		47C6B5FE2795B9E5007EBA43 /* Frameworks */ = {
			isa = PBXFrameworksBuildPhase;
			buildActionMask = 2147483647;
			files = (
			);
			runOnlyForDeploymentPostprocessing = 0;
		};
		47C6B6082795B9E5007EBA43 /* Frameworks */ = {
			isa = PBXFrameworksBuildPhase;
			buildActionMask = 2147483647;
			files = (
			);
			runOnlyForDeploymentPostprocessing = 0;
		};
/* End PBXFrameworksBuildPhase section */

/* Begin PBXGroup section */
		47C6B5E22795B9DD007EBA43 = {
			isa = PBXGroup;
			children = (
				47C6B5ED2795B9DD007EBA43 /* ProjectUIKit */,
				47C6B6042795B9E5007EBA43 /* ProjectUIKitTests */,
				47C6B60E2795B9E5007EBA43 /* ProjectUIKitUITests */,
				47C6B5EC2795B9DD007EBA43 /* Products */,
			);
			sourceTree = "<group>";
		};
		47C6B5EC2795B9DD007EBA43 /* Products */ = {
			isa = PBXGroup;
			children = (
				47C6B5EB2795B9DD007EBA43 /* ProjectUIKit.app */,
				47C6B6012795B9E5007EBA43 /* ProjectUIKitTests.xctest */,
				47C6B60B2795B9E5007EBA43 /* ProjectUIKitUITests.xctest */,
			);
			name = Products;
			sourceTree = "<group>";
		};
		47C6B5ED2795B9DD007EBA43 /* ProjectUIKit */ = {
			isa = PBXGroup;
			children = (
				47C6B5EE2795B9DD007EBA43 /* AppDelegate.swift */,
				47C6B5F02795B9DD007EBA43 /* SceneDelegate.swift */,
				47C6B5F22795B9DD007EBA43 /* ViewController.swift */,
				476855F42795CE1C00C7EA21 /* choiceController.swift */,
				476855F62795D3D600C7EA21 /* addController.swift */,
				476856002795F1F600C7EA21 /* formController.swift */,
				476855F82795D3EA00C7EA21 /* findController.swift */,
				476855FA2795D40E00C7EA21 /* reportController.swift */,
				47C6B5F42795B9DD007EBA43 /* Main.storyboard */,
				5FC4ABAF2798B3C500A31E06 /* notifyController.swift */,
				5FC4ABB12798B74900A31E06 /* notifyViewtable.swift */,
				4768560A27981B3100C7EA21 /* ReportTableViewCell.swift */,
				4768560B27981B3100C7EA21 /* ReportTableViewCell.xib */,
				4768560E2798224900C7EA21 /* ReportItemController.swift */,
				47C6B5F72795B9E4007EBA43 /* Assets.xcassets */,
				47C6B5F92795B9E4007EBA43 /* LaunchScreen.storyboard */,
				47C6B5FC2795B9E4007EBA43 /* Info.plist */,
				476855FC2795E05A00C7EA21 /* FindTableViewCell.swift */,
				476855FD2795E05A00C7EA21 /* FindTableViewCell.xib */,
				476856022796ABD700C7EA21 /* techObjController.swift */,
				476856042796B2B300C7EA21 /* techItemController.swift */,
				4768560627978B3000C7EA21 /* verifyController.swift */,
				4768560827979F3800C7EA21 /* infoView.swift */,
			);
			path = ProjectUIKit;
			sourceTree = "<group>";
		};
		47C6B6042795B9E5007EBA43 /* ProjectUIKitTests */ = {
			isa = PBXGroup;
			children = (
				47C6B6052795B9E5007EBA43 /* ProjectUIKitTests.swift */,
			);
			path = ProjectUIKitTests;
			sourceTree = "<group>";
		};
		47C6B60E2795B9E5007EBA43 /* ProjectUIKitUITests */ = {
			isa = PBXGroup;
			children = (
				47C6B60F2795B9E5007EBA43 /* ProjectUIKitUITests.swift */,
				47C6B6112795B9E5007EBA43 /* ProjectUIKitUITestsLaunchTests.swift */,
			);
			path = ProjectUIKitUITests;
			sourceTree = "<group>";
		};
/* End PBXGroup section */

/* Begin PBXNativeTarget section */
		47C6B5EA2795B9DD007EBA43 /* ProjectUIKit */ = {
			isa = PBXNativeTarget;
			buildConfigurationList = 47C6B6152795B9E5007EBA43 /* Build configuration list for PBXNativeTarget "ProjectUIKit" */;
			buildPhases = (
				47C6B5E72795B9DD007EBA43 /* Sources */,
				47C6B5E82795B9DD007EBA43 /* Frameworks */,
				47C6B5E92795B9DD007EBA43 /* Resources */,
			);
			buildRules = (
			);
			dependencies = (
			);
			name = ProjectUIKit;
			productName = ProjectUIKit;
			productReference = 47C6B5EB2795B9DD007EBA43 /* ProjectUIKit.app */;
			productType = "com.apple.product-type.application";
		};
		47C6B6002795B9E5007EBA43 /* ProjectUIKitTests */ = {
			isa = PBXNativeTarget;
			buildConfigurationList = 47C6B6182795B9E5007EBA43 /* Build configuration list for PBXNativeTarget "ProjectUIKitTests" */;
			buildPhases = (
				47C6B5FD2795B9E5007EBA43 /* Sources */,
				47C6B5FE2795B9E5007EBA43 /* Frameworks */,
				47C6B5FF2795B9E5007EBA43 /* Resources */,
			);
			buildRules = (
			);
			dependencies = (
				47C6B6032795B9E5007EBA43 /* PBXTargetDependency */,
			);
			name = ProjectUIKitTests;
			productName = ProjectUIKitTests;
			productReference = 47C6B6012795B9E5007EBA43 /* ProjectUIKitTests.xctest */;
			productType = "com.apple.product-type.bundle.unit-test";
		};
		47C6B60A2795B9E5007EBA43 /* ProjectUIKitUITests */ = {
			isa = PBXNativeTarget;
			buildConfigurationList = 47C6B61B2795B9E5007EBA43 /* Build configuration list for PBXNativeTarget "ProjectUIKitUITests" */;
			buildPhases = (
				47C6B6072795B9E5007EBA43 /* Sources */,
				47C6B6082795B9E5007EBA43 /* Frameworks */,
				47C6B6092795B9E5007EBA43 /* Resources */,
			);
			buildRules = (
			);
			dependencies = (
				47C6B60D2795B9E5007EBA43 /* PBXTargetDependency */,
			);
			name = ProjectUIKitUITests;
			productName = ProjectUIKitUITests;
			productReference = 47C6B60B2795B9E5007EBA43 /* ProjectUIKitUITests.xctest */;
			productType = "com.apple.product-type.bundle.ui-testing";
		};
/* End PBXNativeTarget section */

/* Begin PBXProject section */
		47C6B5E32795B9DD007EBA43 /* Project object */ = {
			isa = PBXProject;
			attributes = {
				BuildIndependentTargetsInParallel = 1;
				LastSwiftUpdateCheck = 1320;
				LastUpgradeCheck = 1320;
				TargetAttributes = {
					47C6B5EA2795B9DD007EBA43 = {
						CreatedOnToolsVersion = 13.2.1;
					};
					47C6B6002795B9E5007EBA43 = {
						CreatedOnToolsVersion = 13.2.1;
						TestTargetID = 47C6B5EA2795B9DD007EBA43;
					};
					47C6B60A2795B9E5007EBA43 = {
						CreatedOnToolsVersion = 13.2.1;
						TestTargetID = 47C6B5EA2795B9DD007EBA43;
					};
				};
			};
			buildConfigurationList = 47C6B5E62795B9DD007EBA43 /* Build configuration list for PBXProject "ProjectUIKit" */;
			compatibilityVersion = "Xcode 13.0";
			developmentRegion = en;
			hasScannedForEncodings = 0;
			knownRegions = (
				en,
				Base,
			);
			mainGroup = 47C6B5E22795B9DD007EBA43;
			productRefGroup = 47C6B5EC2795B9DD007EBA43 /* Products */;
			projectDirPath = "";
			projectRoot = "";
			targets = (
				47C6B5EA2795B9DD007EBA43 /* ProjectUIKit */,
				47C6B6002795B9E5007EBA43 /* ProjectUIKitTests */,
				47C6B60A2795B9E5007EBA43 /* ProjectUIKitUITests */,
			);
		};
/* End PBXProject section */

/* Begin PBXResourcesBuildPhase section */
		47C6B5E92795B9DD007EBA43 /* Resources */ = {
			isa = PBXResourcesBuildPhase;
			buildActionMask = 2147483647;
			files = (
				4768560D27981B3100C7EA21 /* ReportTableViewCell.xib in Resources */,
				47C6B5FB2795B9E4007EBA43 /* LaunchScreen.storyboard in Resources */,
				47C6B5F82795B9E4007EBA43 /* Assets.xcassets in Resources */,
				476855FF2795E05A00C7EA21 /* FindTableViewCell.xib in Resources */,
				47C6B5F62795B9DD007EBA43 /* Main.storyboard in Resources */,
			);
			runOnlyForDeploymentPostprocessing = 0;
		};
		47C6B5FF2795B9E5007EBA43 /* Resources */ = {
			isa = PBXResourcesBuildPhase;
			buildActionMask = 2147483647;
			files = (
			);
			runOnlyForDeploymentPostprocessing = 0;
		};
		47C6B6092795B9E5007EBA43 /* Resources */ = {
			isa = PBXResourcesBuildPhase;
			buildActionMask = 2147483647;
			files = (
			);
			runOnlyForDeploymentPostprocessing = 0;
		};
/* End PBXResourcesBuildPhase section */

/* Begin PBXSourcesBuildPhase section */
		47C6B5E72795B9DD007EBA43 /* Sources */ = {
			isa = PBXSourcesBuildPhase;
			buildActionMask = 2147483647;
			files = (
				476856052796B2B300C7EA21 /* techItemController.swift in Sources */,
				476855F92795D3EA00C7EA21 /* findController.swift in Sources */,
				476855F52795CE1C00C7EA21 /* choiceController.swift in Sources */,
				476855F72795D3D600C7EA21 /* addController.swift in Sources */,
				47C6B5F32795B9DD007EBA43 /* ViewController.swift in Sources */,
				4768560C27981B3100C7EA21 /* ReportTableViewCell.swift in Sources */,
				4768560F2798224900C7EA21 /* ReportItemController.swift in Sources */,
				5FC4ABB22798B74900A31E06 /* notifyViewtable.swift in Sources */,
				476855FB2795D40E00C7EA21 /* reportController.swift in Sources */,
				4768560927979F3800C7EA21 /* infoView.swift in Sources */,
				47C6B5EF2795B9DD007EBA43 /* AppDelegate.swift in Sources */,
				476856012795F1F600C7EA21 /* formController.swift in Sources */,
				476856032796ABD700C7EA21 /* techObjController.swift in Sources */,
				476855FE2795E05A00C7EA21 /* FindTableViewCell.swift in Sources */,
				4768560727978B3000C7EA21 /* verifyController.swift in Sources */,
				5FC4ABB02798B3C500A31E06 /* notifyController.swift in Sources */,
				47C6B5F12795B9DD007EBA43 /* SceneDelegate.swift in Sources */,
			);
			runOnlyForDeploymentPostprocessing = 0;
		};
		47C6B5FD2795B9E5007EBA43 /* Sources */ = {
			isa = PBXSourcesBuildPhase;
			buildActionMask = 2147483647;
			files = (
				47C6B6062795B9E5007EBA43 /* ProjectUIKitTests.swift in Sources */,
			);
			runOnlyForDeploymentPostprocessing = 0;
		};
		47C6B6072795B9E5007EBA43 /* Sources */ = {
			isa = PBXSourcesBuildPhase;
			buildActionMask = 2147483647;
			files = (
				47C6B6102795B9E5007EBA43 /* ProjectUIKitUITests.swift in Sources */,
				47C6B6122795B9E5007EBA43 /* ProjectUIKitUITestsLaunchTests.swift in Sources */,
			);
			runOnlyForDeploymentPostprocessing = 0;
		};
/* End PBXSourcesBuildPhase section */

/* Begin PBXTargetDependency section */
		47C6B6032795B9E5007EBA43 /* PBXTargetDependency */ = {
			isa = PBXTargetDependency;
			target = 47C6B5EA2795B9DD007EBA43 /* ProjectUIKit */;
			targetProxy = 47C6B6022795B9E5007EBA43 /* PBXContainerItemProxy */;
		};
		47C6B60D2795B9E5007EBA43 /* PBXTargetDependency */ = {
			isa = PBXTargetDependency;
			target = 47C6B5EA2795B9DD007EBA43 /* ProjectUIKit */;
			targetProxy = 47C6B60C2795B9E5007EBA43 /* PBXContainerItemProxy */;
		};
/* End PBXTargetDependency section */

/* Begin PBXVariantGroup section */
		47C6B5F42795B9DD007EBA43 /* Main.storyboard */ = {
			isa = PBXVariantGroup;
			children = (
				47C6B5F52795B9DD007EBA43 /* Base */,
			);
			name = Main.storyboard;
			sourceTree = "<group>";
		};
		47C6B5F92795B9E4007EBA43 /* LaunchScreen.storyboard */ = {
			isa = PBXVariantGroup;
			children = (
				47C6B5FA2795B9E4007EBA43 /* Base */,
			);
			name = LaunchScreen.storyboard;
			sourceTree = "<group>";
		};
/* End PBXVariantGroup section */

/* Begin XCBuildConfiguration section */
		47C6B6132795B9E5007EBA43 /* Debug */ = {
			isa = XCBuildConfiguration;
			buildSettings = {
				ALWAYS_SEARCH_USER_PATHS = NO;
				CLANG_ANALYZER_NONNULL = YES;
				CLANG_ANALYZER_NUMBER_OBJECT_CONVERSION = YES_AGGRESSIVE;
				CLANG_CXX_LANGUAGE_STANDARD = "gnu++17";
				CLANG_CXX_LIBRARY = "libc++";
				CLANG_ENABLE_MODULES = YES;
				CLANG_ENABLE_OBJC_ARC = YES;
				CLANG_ENABLE_OBJC_WEAK = YES;
				CLANG_WARN_BLOCK_CAPTURE_AUTORELEASING = YES;
				CLANG_WARN_BOOL_CONVERSION = YES;
				CLANG_WARN_COMMA = YES;
				CLANG_WARN_CONSTANT_CONVERSION = YES;
				CLANG_WARN_DEPRECATED_OBJC_IMPLEMENTATIONS = YES;
				CLANG_WARN_DIRECT_OBJC_ISA_USAGE = YES_ERROR;
				CLANG_WARN_DOCUMENTATION_COMMENTS = YES;
				CLANG_WARN_EMPTY_BODY = YES;
				CLANG_WARN_ENUM_CONVERSION = YES;
				CLANG_WARN_INFINITE_RECURSION = YES;
				CLANG_WARN_INT_CONVERSION = YES;
				CLANG_WARN_NON_LITERAL_NULL_CONVERSION = YES;
				CLANG_WARN_OBJC_IMPLICIT_RETAIN_SELF = YES;
				CLANG_WARN_OBJC_LITERAL_CONVERSION = YES;
				CLANG_WARN_OBJC_ROOT_CLASS = YES_ERROR;
				CLANG_WARN_QUOTED_INCLUDE_IN_FRAMEWORK_HEADER = YES;
				CLANG_WARN_RANGE_LOOP_ANALYSIS = YES;
				CLANG_WARN_STRICT_PROTOTYPES = YES;
				CLANG_WARN_SUSPICIOUS_MOVE = YES;
				CLANG_WARN_UNGUARDED_AVAILABILITY = YES_AGGRESSIVE;
				CLANG_WARN_UNREACHABLE_CODE = YES;
				CLANG_WARN__DUPLICATE_METHOD_MATCH = YES;
				COPY_PHASE_STRIP = NO;
				DEBUG_INFORMATION_FORMAT = dwarf;
				ENABLE_STRICT_OBJC_MSGSEND = YES;
				ENABLE_TESTABILITY = YES;
				GCC_C_LANGUAGE_STANDARD = gnu11;
				GCC_DYNAMIC_NO_PIC = NO;
				GCC_NO_COMMON_BLOCKS = YES;
				GCC_OPTIMIZATION_LEVEL = 0;
				GCC_PREPROCESSOR_DEFINITIONS = (
					"DEBUG=1",
					"$(inherited)",
				);
				GCC_WARN_64_TO_32_BIT_CONVERSION = YES;
				GCC_WARN_ABOUT_RETURN_TYPE = YES_ERROR;
				GCC_WARN_UNDECLARED_SELECTOR = YES;
				GCC_WARN_UNINITIALIZED_AUTOS = YES_AGGRESSIVE;
				GCC_WARN_UNUSED_FUNCTION = YES;
				GCC_WARN_UNUSED_VARIABLE = YES;
				IPHONEOS_DEPLOYMENT_TARGET = 15.2;
				MTL_ENABLE_DEBUG_INFO = INCLUDE_SOURCE;
				MTL_FAST_MATH = YES;
				ONLY_ACTIVE_ARCH = YES;
				SDKROOT = iphoneos;
				SWIFT_ACTIVE_COMPILATION_CONDITIONS = DEBUG;
				SWIFT_OPTIMIZATION_LEVEL = "-Onone";
			};
			name = Debug;
		};
		47C6B6142795B9E5007EBA43 /* Release */ = {
			isa = XCBuildConfiguration;
			buildSettings = {
				ALWAYS_SEARCH_USER_PATHS = NO;
				CLANG_ANALYZER_NONNULL = YES;
				CLANG_ANALYZER_NUMBER_OBJECT_CONVERSION = YES_AGGRESSIVE;
				CLANG_CXX_LANGUAGE_STANDARD = "gnu++17";
				CLANG_CXX_LIBRARY = "libc++";
				CLANG_ENABLE_MODULES = YES;
				CLANG_ENABLE_OBJC_ARC = YES;
				CLANG_ENABLE_OBJC_WEAK = YES;
				CLANG_WARN_BLOCK_CAPTURE_AUTORELEASING = YES;
				CLANG_WARN_BOOL_CONVERSION = YES;
				CLANG_WARN_COMMA = YES;
				CLANG_WARN_CONSTANT_CONVERSION = YES;
				CLANG_WARN_DEPRECATED_OBJC_IMPLEMENTATIONS = YES;
				CLANG_WARN_DIRECT_OBJC_ISA_USAGE = YES_ERROR;
				CLANG_WARN_DOCUMENTATION_COMMENTS = YES;
				CLANG_WARN_EMPTY_BODY = YES;
				CLANG_WARN_ENUM_CONVERSION = YES;
				CLANG_WARN_INFINITE_RECURSION = YES;
				CLANG_WARN_INT_CONVERSION = YES;
				CLANG_WARN_NON_LITERAL_NULL_CONVERSION = YES;
				CLANG_WARN_OBJC_IMPLICIT_RETAIN_SELF = YES;
				CLANG_WARN_OBJC_LITERAL_CONVERSION = YES;
				CLANG_WARN_OBJC_ROOT_CLASS = YES_ERROR;
				CLANG_WARN_QUOTED_INCLUDE_IN_FRAMEWORK_HEADER = YES;
				CLANG_WARN_RANGE_LOOP_ANALYSIS = YES;
				CLANG_WARN_STRICT_PROTOTYPES = YES;
				CLANG_WARN_SUSPICIOUS_MOVE = YES;
				CLANG_WARN_UNGUARDED_AVAILABILITY = YES_AGGRESSIVE;
				CLANG_WARN_UNREACHABLE_CODE = YES;
				CLANG_WARN__DUPLICATE_METHOD_MATCH = YES;
				COPY_PHASE_STRIP = NO;
				DEBUG_INFORMATION_FORMAT = "dwarf-with-dsym";
				ENABLE_NS_ASSERTIONS = NO;
				ENABLE_STRICT_OBJC_MSGSEND = YES;
				GCC_C_LANGUAGE_STANDARD = gnu11;
				GCC_NO_COMMON_BLOCKS = YES;
				GCC_WARN_64_TO_32_BIT_CONVERSION = YES;
				GCC_WARN_ABOUT_RETURN_TYPE = YES_ERROR;
				GCC_WARN_UNDECLARED_SELECTOR = YES;
				GCC_WARN_UNINITIALIZED_AUTOS = YES_AGGRESSIVE;
				GCC_WARN_UNUSED_FUNCTION = YES;
				GCC_WARN_UNUSED_VARIABLE = YES;
				IPHONEOS_DEPLOYMENT_TARGET = 15.2;
				MTL_ENABLE_DEBUG_INFO = NO;
				MTL_FAST_MATH = YES;
				SDKROOT = iphoneos;
				SWIFT_COMPILATION_MODE = wholemodule;
				SWIFT_OPTIMIZATION_LEVEL = "-O";
				VALIDATE_PRODUCT = YES;
			};
			name = Release;
		};
		47C6B6162795B9E5007EBA43 /* Debug */ = {
			isa = XCBuildConfiguration;
			buildSettings = {
				ASSETCATALOG_COMPILER_APPICON_NAME = AppIcon;
				ASSETCATALOG_COMPILER_GLOBAL_ACCENT_COLOR_NAME = AccentColor;
				CODE_SIGN_STYLE = Automatic;
				CURRENT_PROJECT_VERSION = 1;
				DEVELOPMENT_TEAM = JN9T7WN78V;
				GENERATE_INFOPLIST_FILE = YES;
				INFOPLIST_FILE = ProjectUIKit/Info.plist;
				INFOPLIST_KEY_UIApplicationSupportsIndirectInputEvents = YES;
				INFOPLIST_KEY_UILaunchStoryboardName = LaunchScreen;
				INFOPLIST_KEY_UIMainStoryboardFile = Main;
				INFOPLIST_KEY_UISupportedInterfaceOrientations_iPad = "UIInterfaceOrientationPortrait UIInterfaceOrientationPortraitUpsideDown UIInterfaceOrientationLandscapeLeft UIInterfaceOrientationLandscapeRight";
				INFOPLIST_KEY_UISupportedInterfaceOrientations_iPhone = "UIInterfaceOrientationPortrait UIInterfaceOrientationLandscapeLeft UIInterfaceOrientationLandscapeRight";
				IPHONEOS_DEPLOYMENT_TARGET = 15.0;
				LD_RUNPATH_SEARCH_PATHS = (
					"$(inherited)",
					"@executable_path/Frameworks",
				);
				MARKETING_VERSION = 1.0;
				PRODUCT_BUNDLE_IDENTIFIER = com.aucegypt.ProjectUIKit;
				PRODUCT_NAME = "$(TARGET_NAME)";
				SWIFT_EMIT_LOC_STRINGS = YES;
				SWIFT_VERSION = 5.0;
				TARGETED_DEVICE_FAMILY = "1,2";
			};
			name = Debug;
		};
		47C6B6172795B9E5007EBA43 /* Release */ = {
			isa = XCBuildConfiguration;
			buildSettings = {
				ASSETCATALOG_COMPILER_APPICON_NAME = AppIcon;
				ASSETCATALOG_COMPILER_GLOBAL_ACCENT_COLOR_NAME = AccentColor;
				CODE_SIGN_STYLE = Automatic;
				CURRENT_PROJECT_VERSION = 1;
				DEVELOPMENT_TEAM = JN9T7WN78V;
				GENERATE_INFOPLIST_FILE = YES;
				INFOPLIST_FILE = ProjectUIKit/Info.plist;
				INFOPLIST_KEY_UIApplicationSupportsIndirectInputEvents = YES;
				INFOPLIST_KEY_UILaunchStoryboardName = LaunchScreen;
				INFOPLIST_KEY_UIMainStoryboardFile = Main;
				INFOPLIST_KEY_UISupportedInterfaceOrientations_iPad = "UIInterfaceOrientationPortrait UIInterfaceOrientationPortraitUpsideDown UIInterfaceOrientationLandscapeLeft UIInterfaceOrientationLandscapeRight";
				INFOPLIST_KEY_UISupportedInterfaceOrientations_iPhone = "UIInterfaceOrientationPortrait UIInterfaceOrientationLandscapeLeft UIInterfaceOrientationLandscapeRight";
				IPHONEOS_DEPLOYMENT_TARGET = 15.0;
				LD_RUNPATH_SEARCH_PATHS = (
					"$(inherited)",
					"@executable_path/Frameworks",
				);
				MARKETING_VERSION = 1.0;
				PRODUCT_BUNDLE_IDENTIFIER = com.aucegypt.ProjectUIKit;
				PRODUCT_NAME = "$(TARGET_NAME)";
				SWIFT_EMIT_LOC_STRINGS = YES;
				SWIFT_VERSION = 5.0;
				TARGETED_DEVICE_FAMILY = "1,2";
			};
			name = Release;
		};
		47C6B6192795B9E5007EBA43 /* Debug */ = {
			isa = XCBuildConfiguration;
			buildSettings = {
				ALWAYS_EMBED_SWIFT_STANDARD_LIBRARIES = YES;
				BUNDLE_LOADER = "$(TEST_HOST)";
				CODE_SIGN_STYLE = Automatic;
				CURRENT_PROJECT_VERSION = 1;
				GENERATE_INFOPLIST_FILE = YES;
				IPHONEOS_DEPLOYMENT_TARGET = 15.2;
				MARKETING_VERSION = 1.0;
				PRODUCT_BUNDLE_IDENTIFIER = com.aucegypt.ProjectUIKitTests;
				PRODUCT_NAME = "$(TARGET_NAME)";
				SWIFT_EMIT_LOC_STRINGS = NO;
				SWIFT_VERSION = 5.0;
				TARGETED_DEVICE_FAMILY = "1,2";
				TEST_HOST = "$(BUILT_PRODUCTS_DIR)/ProjectUIKit.app/ProjectUIKit";
			};
			name = Debug;
		};
		47C6B61A2795B9E5007EBA43 /* Release */ = {
			isa = XCBuildConfiguration;
			buildSettings = {
				ALWAYS_EMBED_SWIFT_STANDARD_LIBRARIES = YES;
				BUNDLE_LOADER = "$(TEST_HOST)";
				CODE_SIGN_STYLE = Automatic;
				CURRENT_PROJECT_VERSION = 1;
				GENERATE_INFOPLIST_FILE = YES;
				IPHONEOS_DEPLOYMENT_TARGET = 15.2;
				MARKETING_VERSION = 1.0;
				PRODUCT_BUNDLE_IDENTIFIER = com.aucegypt.ProjectUIKitTests;
				PRODUCT_NAME = "$(TARGET_NAME)";
				SWIFT_EMIT_LOC_STRINGS = NO;
				SWIFT_VERSION = 5.0;
				TARGETED_DEVICE_FAMILY = "1,2";
				TEST_HOST = "$(BUILT_PRODUCTS_DIR)/ProjectUIKit.app/ProjectUIKit";
			};
			name = Release;
		};
		47C6B61C2795B9E5007EBA43 /* Debug */ = {
			isa = XCBuildConfiguration;
			buildSettings = {
				ALWAYS_EMBED_SWIFT_STANDARD_LIBRARIES = YES;
				CODE_SIGN_STYLE = Automatic;
				CURRENT_PROJECT_VERSION = 1;
				GENERATE_INFOPLIST_FILE = YES;
				MARKETING_VERSION = 1.0;
				PRODUCT_BUNDLE_IDENTIFIER = com.aucegypt.ProjectUIKitUITests;
				PRODUCT_NAME = "$(TARGET_NAME)";
				SWIFT_EMIT_LOC_STRINGS = NO;
				SWIFT_VERSION = 5.0;
				TARGETED_DEVICE_FAMILY = "1,2";
				TEST_TARGET_NAME = ProjectUIKit;
			};
			name = Debug;
		};
		47C6B61D2795B9E5007EBA43 /* Release */ = {
			isa = XCBuildConfiguration;
			buildSettings = {
				ALWAYS_EMBED_SWIFT_STANDARD_LIBRARIES = YES;
				CODE_SIGN_STYLE = Automatic;
				CURRENT_PROJECT_VERSION = 1;
				GENERATE_INFOPLIST_FILE = YES;
				MARKETING_VERSION = 1.0;
				PRODUCT_BUNDLE_IDENTIFIER = com.aucegypt.ProjectUIKitUITests;
				PRODUCT_NAME = "$(TARGET_NAME)";
				SWIFT_EMIT_LOC_STRINGS = NO;
				SWIFT_VERSION = 5.0;
				TARGETED_DEVICE_FAMILY = "1,2";
				TEST_TARGET_NAME = ProjectUIKit;
			};
			name = Release;
		};
/* End XCBuildConfiguration section */

/* Begin XCConfigurationList section */
		47C6B5E62795B9DD007EBA43 /* Build configuration list for PBXProject "ProjectUIKit" */ = {
			isa = XCConfigurationList;
			buildConfigurations = (
				47C6B6132795B9E5007EBA43 /* Debug */,
				47C6B6142795B9E5007EBA43 /* Release */,
			);
			defaultConfigurationIsVisible = 0;
			defaultConfigurationName = Release;
		};
		47C6B6152795B9E5007EBA43 /* Build configuration list for PBXNativeTarget "ProjectUIKit" */ = {
			isa = XCConfigurationList;
			buildConfigurations = (
				47C6B6162795B9E5007EBA43 /* Debug */,
				47C6B6172795B9E5007EBA43 /* Release */,
			);
			defaultConfigurationIsVisible = 0;
			defaultConfigurationName = Release;
		};
		47C6B6182795B9E5007EBA43 /* Build configuration list for PBXNativeTarget "ProjectUIKitTests" */ = {
			isa = XCConfigurationList;
			buildConfigurations = (
				47C6B6192795B9E5007EBA43 /* Debug */,
				47C6B61A2795B9E5007EBA43 /* Release */,
			);
			defaultConfigurationIsVisible = 0;
			defaultConfigurationName = Release;
		};
		47C6B61B2795B9E5007EBA43 /* Build configuration list for PBXNativeTarget "ProjectUIKitUITests" */ = {
			isa = XCConfigurationList;
			buildConfigurations = (
				47C6B61C2795B9E5007EBA43 /* Debug */,
				47C6B61D2795B9E5007EBA43 /* Release */,
			);
			defaultConfigurationIsVisible = 0;
			defaultConfigurationName = Release;
		};
/* End XCConfigurationList section */
	};
	rootObject = 47C6B5E32795B9DD007EBA43 /* Project object */;
}
